// !$*UTF8*$!
{
	archiveVersion = 1;
	classes = {
	};
	objectVersion = 56;
	objects = {

/* Begin PBXBuildFile section */
		CAB4A8E99EFCBCBCAFE12EC9 /* Pods_MovieApp.framework in Frameworks */ = {isa = PBXBuildFile; fileRef = 7FC673CBB57ED012DC5F5582 /* Pods_MovieApp.framework */; };
		E406513D2914DEA2003B1B74 /* RCManager.swift in Sources */ = {isa = PBXBuildFile; fileRef = E406513C2914DEA2003B1B74 /* RCManager.swift */; };
		E406513F2914DFC6003B1B74 /* GoogleService-Info.plist in Resources */ = {isa = PBXBuildFile; fileRef = E406513E2914DFC5003B1B74 /* GoogleService-Info.plist */; };
		E4380B3A29104CF000F63C03 /* AppDelegate.swift in Sources */ = {isa = PBXBuildFile; fileRef = E4380B3929104CF000F63C03 /* AppDelegate.swift */; };
		E4380B3C29104CF000F63C03 /* SceneDelegate.swift in Sources */ = {isa = PBXBuildFile; fileRef = E4380B3B29104CF000F63C03 /* SceneDelegate.swift */; };
		E4380B3E29104CF000F63C03 /* SplashViewController.swift in Sources */ = {isa = PBXBuildFile; fileRef = E4380B3D29104CF000F63C03 /* SplashViewController.swift */; };
		E4380B4129104CF000F63C03 /* Main.storyboard in Resources */ = {isa = PBXBuildFile; fileRef = E4380B3F29104CF000F63C03 /* Main.storyboard */; };
		E4380B4329104CF000F63C03 /* Assets.xcassets in Resources */ = {isa = PBXBuildFile; fileRef = E4380B4229104CF000F63C03 /* Assets.xcassets */; };
		E4380B4629104CF000F63C03 /* LaunchScreen.storyboard in Resources */ = {isa = PBXBuildFile; fileRef = E4380B4429104CF000F63C03 /* LaunchScreen.storyboard */; };
		E4434DAC2916C2C9006C1638 /* MovieViewController.swift in Sources */ = {isa = PBXBuildFile; fileRef = E4434DAB2916C2C9006C1638 /* MovieViewController.swift */; };
		E4434DAE2916C6E3006C1638 /* Connectivity.swift in Sources */ = {isa = PBXBuildFile; fileRef = E4434DAD2916C6E3006C1638 /* Connectivity.swift */; };
		E4434DB12916D1D7006C1638 /* BannerExtensions.swift in Sources */ = {isa = PBXBuildFile; fileRef = E4434DB02916D1D7006C1638 /* BannerExtensions.swift */; };
		E4434DB42916D25A006C1638 /* CRNotificationView.swift in Sources */ = {isa = PBXBuildFile; fileRef = E4434DB32916D25A006C1638 /* CRNotificationView.swift */; };
		E4434DB62916D296006C1638 /* UIColor.swift in Sources */ = {isa = PBXBuildFile; fileRef = E4434DB52916D296006C1638 /* UIColor.swift */; };
		E4C31A192916EBCB00DB0A46 /* MoviePresenter.swift in Sources */ = {isa = PBXBuildFile; fileRef = E4C31A182916EBCB00DB0A46 /* MoviePresenter.swift */; };
		E4C31A1D2916F25600DB0A46 /* NetworkingConstants.swift in Sources */ = {isa = PBXBuildFile; fileRef = E4C31A1C2916F25600DB0A46 /* NetworkingConstants.swift */; };
		E4C31A1F2916F27600DB0A46 /* MovieManager.swift in Sources */ = {isa = PBXBuildFile; fileRef = E4C31A1E2916F27600DB0A46 /* MovieManager.swift */; };
		E4C31A232917EE7800DB0A46 /* MovieUIModel.swift in Sources */ = {isa = PBXBuildFile; fileRef = E4C31A222917EE7800DB0A46 /* MovieUIModel.swift */; };
		E4C31A292917F9FC00DB0A46 /* Movie.swift in Sources */ = {isa = PBXBuildFile; fileRef = E4C31A282917F9FC00DB0A46 /* Movie.swift */; };
		E4C31A2B2918084F00DB0A46 /* SharedExtensions.swift in Sources */ = {isa = PBXBuildFile; fileRef = E4C31A2A2918084F00DB0A46 /* SharedExtensions.swift */; };
		E4C31A2D291816AA00DB0A46 /* ScreenNavigator.swift in Sources */ = {isa = PBXBuildFile; fileRef = E4C31A2C291816AA00DB0A46 /* ScreenNavigator.swift */; };
		E4C31A3129181ADB00DB0A46 /* MovieCell.swift in Sources */ = {isa = PBXBuildFile; fileRef = E4C31A2F29181ADB00DB0A46 /* MovieCell.swift */; };
		E4C31A3229181ADB00DB0A46 /* MovieCell.xib in Resources */ = {isa = PBXBuildFile; fileRef = E4C31A3029181ADB00DB0A46 /* MovieCell.xib */; };
		E4C31A36291824E200DB0A46 /* MovieDetailsViewController.swift in Sources */ = {isa = PBXBuildFile; fileRef = E4C31A34291824E200DB0A46 /* MovieDetailsViewController.swift */; };
		E4C31A37291824E200DB0A46 /* MovieDetailsViewController.xib in Resources */ = {isa = PBXBuildFile; fileRef = E4C31A35291824E200DB0A46 /* MovieDetailsViewController.xib */; };
/* End PBXBuildFile section */

/* Begin PBXFileReference section */
		49F97E650576A7D79BAF9522 /* Pods-MovieApp.release.xcconfig */ = {isa = PBXFileReference; includeInIndex = 1; lastKnownFileType = text.xcconfig; name = "Pods-MovieApp.release.xcconfig"; path = "Target Support Files/Pods-MovieApp/Pods-MovieApp.release.xcconfig"; sourceTree = "<group>"; };
		7FC673CBB57ED012DC5F5582 /* Pods_MovieApp.framework */ = {isa = PBXFileReference; explicitFileType = wrapper.framework; includeInIndex = 0; path = Pods_MovieApp.framework; sourceTree = BUILT_PRODUCTS_DIR; };
		C0C7E6DCAE3A7C18A9B1AE72 /* Pods-MovieApp.debug.xcconfig */ = {isa = PBXFileReference; includeInIndex = 1; lastKnownFileType = text.xcconfig; name = "Pods-MovieApp.debug.xcconfig"; path = "Target Support Files/Pods-MovieApp/Pods-MovieApp.debug.xcconfig"; sourceTree = "<group>"; };
		E406513C2914DEA2003B1B74 /* RCManager.swift */ = {isa = PBXFileReference; lastKnownFileType = sourcecode.swift; path = RCManager.swift; sourceTree = "<group>"; };
		E406513E2914DFC5003B1B74 /* GoogleService-Info.plist */ = {isa = PBXFileReference; fileEncoding = 4; lastKnownFileType = text.plist.xml; path = "GoogleService-Info.plist"; sourceTree = "<group>"; };
		E4380B3629104CF000F63C03 /* MovieApp.app */ = {isa = PBXFileReference; explicitFileType = wrapper.application; includeInIndex = 0; path = MovieApp.app; sourceTree = BUILT_PRODUCTS_DIR; };
		E4380B3929104CF000F63C03 /* AppDelegate.swift */ = {isa = PBXFileReference; lastKnownFileType = sourcecode.swift; path = AppDelegate.swift; sourceTree = "<group>"; };
		E4380B3B29104CF000F63C03 /* SceneDelegate.swift */ = {isa = PBXFileReference; lastKnownFileType = sourcecode.swift; path = SceneDelegate.swift; sourceTree = "<group>"; };
		E4380B3D29104CF000F63C03 /* SplashViewController.swift */ = {isa = PBXFileReference; lastKnownFileType = sourcecode.swift; path = SplashViewController.swift; sourceTree = "<group>"; };
		E4380B4029104CF000F63C03 /* Base */ = {isa = PBXFileReference; lastKnownFileType = file.storyboard; name = Base; path = Base.lproj/Main.storyboard; sourceTree = "<group>"; };
		E4380B4229104CF000F63C03 /* Assets.xcassets */ = {isa = PBXFileReference; lastKnownFileType = folder.assetcatalog; path = Assets.xcassets; sourceTree = "<group>"; };
		E4380B4529104CF000F63C03 /* Base */ = {isa = PBXFileReference; lastKnownFileType = file.storyboard; name = Base; path = Base.lproj/LaunchScreen.storyboard; sourceTree = "<group>"; };
		E4380B4729104CF000F63C03 /* Info.plist */ = {isa = PBXFileReference; lastKnownFileType = text.plist.xml; path = Info.plist; sourceTree = "<group>"; };
		E4434DAB2916C2C9006C1638 /* MovieViewController.swift */ = {isa = PBXFileReference; lastKnownFileType = sourcecode.swift; path = MovieViewController.swift; sourceTree = "<group>"; };
		E4434DAD2916C6E3006C1638 /* Connectivity.swift */ = {isa = PBXFileReference; lastKnownFileType = sourcecode.swift; path = Connectivity.swift; sourceTree = "<group>"; };
		E4434DB02916D1D7006C1638 /* BannerExtensions.swift */ = {isa = PBXFileReference; lastKnownFileType = sourcecode.swift; path = BannerExtensions.swift; sourceTree = "<group>"; };
		E4434DB32916D25A006C1638 /* CRNotificationView.swift */ = {isa = PBXFileReference; lastKnownFileType = sourcecode.swift; path = CRNotificationView.swift; sourceTree = "<group>"; };
		E4434DB52916D296006C1638 /* UIColor.swift */ = {isa = PBXFileReference; lastKnownFileType = sourcecode.swift; path = UIColor.swift; sourceTree = "<group>"; };
		E4C31A182916EBCB00DB0A46 /* MoviePresenter.swift */ = {isa = PBXFileReference; lastKnownFileType = sourcecode.swift; path = MoviePresenter.swift; sourceTree = "<group>"; };
		E4C31A1C2916F25600DB0A46 /* NetworkingConstants.swift */ = {isa = PBXFileReference; lastKnownFileType = sourcecode.swift; path = NetworkingConstants.swift; sourceTree = "<group>"; };
		E4C31A1E2916F27600DB0A46 /* MovieManager.swift */ = {isa = PBXFileReference; lastKnownFileType = sourcecode.swift; path = MovieManager.swift; sourceTree = "<group>"; };
		E4C31A222917EE7800DB0A46 /* MovieUIModel.swift */ = {isa = PBXFileReference; lastKnownFileType = sourcecode.swift; path = MovieUIModel.swift; sourceTree = "<group>"; };
		E4C31A282917F9FC00DB0A46 /* Movie.swift */ = {isa = PBXFileReference; lastKnownFileType = sourcecode.swift; path = Movie.swift; sourceTree = "<group>"; };
		E4C31A2A2918084F00DB0A46 /* SharedExtensions.swift */ = {isa = PBXFileReference; lastKnownFileType = sourcecode.swift; path = SharedExtensions.swift; sourceTree = "<group>"; };
		E4C31A2C291816AA00DB0A46 /* ScreenNavigator.swift */ = {isa = PBXFileReference; lastKnownFileType = sourcecode.swift; path = ScreenNavigator.swift; sourceTree = "<group>"; };
		E4C31A2F29181ADB00DB0A46 /* MovieCell.swift */ = {isa = PBXFileReference; lastKnownFileType = sourcecode.swift; path = MovieCell.swift; sourceTree = "<group>"; };
		E4C31A3029181ADB00DB0A46 /* MovieCell.xib */ = {isa = PBXFileReference; lastKnownFileType = file.xib; path = MovieCell.xib; sourceTree = "<group>"; };
		E4C31A34291824E200DB0A46 /* MovieDetailsViewController.swift */ = {isa = PBXFileReference; lastKnownFileType = sourcecode.swift; path = MovieDetailsViewController.swift; sourceTree = "<group>"; };
		E4C31A35291824E200DB0A46 /* MovieDetailsViewController.xib */ = {isa = PBXFileReference; lastKnownFileType = file.xib; path = MovieDetailsViewController.xib; sourceTree = "<group>"; };
/* End PBXFileReference section */

/* Begin PBXFrameworksBuildPhase section */
		E4380B3329104CF000F63C03 /* Frameworks */ = {
			isa = PBXFrameworksBuildPhase;
			buildActionMask = 2147483647;
			files = (
				CAB4A8E99EFCBCBCAFE12EC9 /* Pods_MovieApp.framework in Frameworks */,
			);
			runOnlyForDeploymentPostprocessing = 0;
		};
/* End PBXFrameworksBuildPhase section */

/* Begin PBXGroup section */
		57BD54CE6A6C6BF33B09E707 /* Frameworks */ = {
			isa = PBXGroup;
			children = (
				7FC673CBB57ED012DC5F5582 /* Pods_MovieApp.framework */,
			);
			name = Frameworks;
			sourceTree = "<group>";
		};
		C03FD989AC03D5EEB6FD259A /* Pods */ = {
			isa = PBXGroup;
			children = (
				C0C7E6DCAE3A7C18A9B1AE72 /* Pods-MovieApp.debug.xcconfig */,
				49F97E650576A7D79BAF9522 /* Pods-MovieApp.release.xcconfig */,
			);
			path = Pods;
			sourceTree = "<group>";
		};
		E40651342914DBF6003B1B74 /* Controller */ = {
			isa = PBXGroup;
			children = (
				E4434DA82916C27F006C1638 /* Movies */,
				E4434DA72916C276006C1638 /* Splash */,
			);
			path = Controller;
			sourceTree = "<group>";
		};
		E40651352914DC04003B1B74 /* View */ = {
			isa = PBXGroup;
			children = (
				E4434DB22916D24E006C1638 /* Popup */,
			);
			path = View;
			sourceTree = "<group>";
		};
		E40651362914DC0C003B1B74 /* Model */ = {
			isa = PBXGroup;
			children = (
				E4C31A222917EE7800DB0A46 /* MovieUIModel.swift */,
				E4C31A282917F9FC00DB0A46 /* Movie.swift */,
			);
			path = Model;
			sourceTree = "<group>";
		};
		E40651372914DC21003B1B74 /* Utilities */ = {
			isa = PBXGroup;
			children = (
				E4C31A1A2916F23600DB0A46 /* Networking */,
				E4434DAF2916D1C6006C1638 /* Extensions */,
				E406513B2914DE95003B1B74 /* Singleton */,
				E4380B4729104CF000F63C03 /* Info.plist */,
				E406513E2914DFC5003B1B74 /* GoogleService-Info.plist */,
			);
			path = Utilities;
			sourceTree = "<group>";
		};
		E40651382914DC28003B1B74 /* Supporting Files */ = {
			isa = PBXGroup;
			children = (
				E4380B4229104CF000F63C03 /* Assets.xcassets */,
			);
			path = "Supporting Files";
			sourceTree = "<group>";
		};
		E40651392914DC91003B1B74 /* Storyboard */ = {
			isa = PBXGroup;
			children = (
				E4380B3F29104CF000F63C03 /* Main.storyboard */,
				E4380B4429104CF000F63C03 /* LaunchScreen.storyboard */,
			);
			path = Storyboard;
			sourceTree = "<group>";
		};
		E406513A2914DC9D003B1B74 /* AppDelegate */ = {
			isa = PBXGroup;
			children = (
				E4380B3929104CF000F63C03 /* AppDelegate.swift */,
				E4380B3B29104CF000F63C03 /* SceneDelegate.swift */,
			);
			path = AppDelegate;
			sourceTree = "<group>";
		};
		E406513B2914DE95003B1B74 /* Singleton */ = {
			isa = PBXGroup;
			children = (
				E406513C2914DEA2003B1B74 /* RCManager.swift */,
				E4434DAD2916C6E3006C1638 /* Connectivity.swift */,
				E4C31A2C291816AA00DB0A46 /* ScreenNavigator.swift */,
			);
			path = Singleton;
			sourceTree = "<group>";
		};
		E4380B2D29104CEF00F63C03 = {
			isa = PBXGroup;
			children = (
				E4380B3829104CF000F63C03 /* MovieApp */,
				E4380B3729104CF000F63C03 /* Products */,
				C03FD989AC03D5EEB6FD259A /* Pods */,
				57BD54CE6A6C6BF33B09E707 /* Frameworks */,
			);
			sourceTree = "<group>";
		};
		E4380B3729104CF000F63C03 /* Products */ = {
			isa = PBXGroup;
			children = (
				E4380B3629104CF000F63C03 /* MovieApp.app */,
			);
			name = Products;
			sourceTree = "<group>";
		};
		E4380B3829104CF000F63C03 /* MovieApp */ = {
			isa = PBXGroup;
			children = (
				E406513A2914DC9D003B1B74 /* AppDelegate */,
				E40651392914DC91003B1B74 /* Storyboard */,
				E40651382914DC28003B1B74 /* Supporting Files */,
				E40651372914DC21003B1B74 /* Utilities */,
				E40651362914DC0C003B1B74 /* Model */,
				E40651352914DC04003B1B74 /* View */,
				E4C31A172916EB9300DB0A46 /* Presenter */,
				E40651342914DBF6003B1B74 /* Controller */,
			);
			path = MovieApp;
			sourceTree = "<group>";
		};
		E4434DA72916C276006C1638 /* Splash */ = {
			isa = PBXGroup;
			children = (
				E4380B3D29104CF000F63C03 /* SplashViewController.swift */,
			);
			path = Splash;
			sourceTree = "<group>";
		};
		E4434DA82916C27F006C1638 /* Movies */ = {
			isa = PBXGroup;
			children = (
				E4C31A33291824BF00DB0A46 /* Movie Details */,
				E4C31A2E29181AA600DB0A46 /* MovieCell */,
				E4434DAB2916C2C9006C1638 /* MovieViewController.swift */,
			);
			path = Movies;
			sourceTree = "<group>";
		};
		E4434DAF2916D1C6006C1638 /* Extensions */ = {
			isa = PBXGroup;
			children = (
				E4434DB02916D1D7006C1638 /* BannerExtensions.swift */,
				E4434DB52916D296006C1638 /* UIColor.swift */,
				E4C31A2A2918084F00DB0A46 /* SharedExtensions.swift */,
			);
			path = Extensions;
			sourceTree = "<group>";
		};
		E4434DB22916D24E006C1638 /* Popup */ = {
			isa = PBXGroup;
			children = (
				E4434DB32916D25A006C1638 /* CRNotificationView.swift */,
			);
			path = Popup;
			sourceTree = "<group>";
		};
		E4C31A172916EB9300DB0A46 /* Presenter */ = {
			isa = PBXGroup;
			children = (
				E4C31A182916EBCB00DB0A46 /* MoviePresenter.swift */,
			);
			path = Presenter;
			sourceTree = "<group>";
		};
		E4C31A1A2916F23600DB0A46 /* Networking */ = {
			isa = PBXGroup;
			children = (
				E4C31A1B2916F24100DB0A46 /* Shared */,
				E4C31A1E2916F27600DB0A46 /* MovieManager.swift */,
			);
			path = Networking;
			sourceTree = "<group>";
		};
		E4C31A1B2916F24100DB0A46 /* Shared */ = {
			isa = PBXGroup;
			children = (
				E4C31A1C2916F25600DB0A46 /* NetworkingConstants.swift */,
			);
			path = Shared;
			sourceTree = "<group>";
		};
		E4C31A2E29181AA600DB0A46 /* MovieCell */ = {
			isa = PBXGroup;
			children = (
				E4C31A2F29181ADB00DB0A46 /* MovieCell.swift */,
				E4C31A3029181ADB00DB0A46 /* MovieCell.xib */,
			);
			path = MovieCell;
			sourceTree = "<group>";
		};
		E4C31A33291824BF00DB0A46 /* Movie Details */ = {
			isa = PBXGroup;
			children = (
				E4C31A34291824E200DB0A46 /* MovieDetailsViewController.swift */,
				E4C31A35291824E200DB0A46 /* MovieDetailsViewController.xib */,
			);
			path = "Movie Details";
			sourceTree = "<group>";
		};
/* End PBXGroup section */

/* Begin PBXNativeTarget section */
		E4380B3529104CF000F63C03 /* MovieApp */ = {
			isa = PBXNativeTarget;
			buildConfigurationList = E4380B4A29104CF000F63C03 /* Build configuration list for PBXNativeTarget "MovieApp" */;
			buildPhases = (
				3E37A0238EBFB4214DEC933C /* [CP] Check Pods Manifest.lock */,
				E4380B3229104CF000F63C03 /* Sources */,
				E4380B3329104CF000F63C03 /* Frameworks */,
				E4380B3429104CF000F63C03 /* Resources */,
				9388998F90515CCB8CE58FC9 /* [CP] Embed Pods Frameworks */,
			);
			buildRules = (
			);
			dependencies = (
			);
			name = MovieApp;
			productName = MovieApp;
			productReference = E4380B3629104CF000F63C03 /* MovieApp.app */;
			productType = "com.apple.product-type.application";
		};
/* End PBXNativeTarget section */

/* Begin PBXProject section */
		E4380B2E29104CEF00F63C03 /* Project object */ = {
			isa = PBXProject;
			attributes = {
				BuildIndependentTargetsInParallel = 1;
				LastSwiftUpdateCheck = 1400;
				LastUpgradeCheck = 1400;
				TargetAttributes = {
					E4380B3529104CF000F63C03 = {
						CreatedOnToolsVersion = 14.0.1;
					};
				};
			};
			buildConfigurationList = E4380B3129104CEF00F63C03 /* Build configuration list for PBXProject "MovieApp" */;
			compatibilityVersion = "Xcode 14.0";
			developmentRegion = en;
			hasScannedForEncodings = 0;
			knownRegions = (
				en,
				Base,
			);
			mainGroup = E4380B2D29104CEF00F63C03;
			productRefGroup = E4380B3729104CF000F63C03 /* Products */;
			projectDirPath = "";
			projectRoot = "";
			targets = (
				E4380B3529104CF000F63C03 /* MovieApp */,
			);
		};
/* End PBXProject section */

/* Begin PBXResourcesBuildPhase section */
		E4380B3429104CF000F63C03 /* Resources */ = {
			isa = PBXResourcesBuildPhase;
			buildActionMask = 2147483647;
			files = (
				E4380B4629104CF000F63C03 /* LaunchScreen.storyboard in Resources */,
				E406513F2914DFC6003B1B74 /* GoogleService-Info.plist in Resources */,
				E4380B4329104CF000F63C03 /* Assets.xcassets in Resources */,
				E4380B4129104CF000F63C03 /* Main.storyboard in Resources */,
				E4C31A37291824E200DB0A46 /* MovieDetailsViewController.xib in Resources */,
				E4C31A3229181ADB00DB0A46 /* MovieCell.xib in Resources */,
			);
			runOnlyForDeploymentPostprocessing = 0;
		};
/* End PBXResourcesBuildPhase section */

/* Begin PBXShellScriptBuildPhase section */
		3E37A0238EBFB4214DEC933C /* [CP] Check Pods Manifest.lock */ = {
			isa = PBXShellScriptBuildPhase;
			buildActionMask = 2147483647;
			files = (
			);
			inputFileListPaths = (
			);
			inputPaths = (
				"${PODS_PODFILE_DIR_PATH}/Podfile.lock",
				"${PODS_ROOT}/Manifest.lock",
			);
			name = "[CP] Check Pods Manifest.lock";
			outputFileListPaths = (
			);
			outputPaths = (
				"$(DERIVED_FILE_DIR)/Pods-MovieApp-checkManifestLockResult.txt",
			);
			runOnlyForDeploymentPostprocessing = 0;
			shellPath = /bin/sh;
			shellScript = "diff \"${PODS_PODFILE_DIR_PATH}/Podfile.lock\" \"${PODS_ROOT}/Manifest.lock\" > /dev/null\nif [ $? != 0 ] ; then\n    # print error to STDERR\n    echo \"error: The sandbox is not in sync with the Podfile.lock. Run 'pod install' or update your CocoaPods installation.\" >&2\n    exit 1\nfi\n# This output is used by Xcode 'outputs' to avoid re-running this script phase.\necho \"SUCCESS\" > \"${SCRIPT_OUTPUT_FILE_0}\"\n";
			showEnvVarsInLog = 0;
		};
		9388998F90515CCB8CE58FC9 /* [CP] Embed Pods Frameworks */ = {
			isa = PBXShellScriptBuildPhase;
			buildActionMask = 2147483647;
			files = (
			);
			inputFileListPaths = (
				"${PODS_ROOT}/Target Support Files/Pods-MovieApp/Pods-MovieApp-frameworks-${CONFIGURATION}-input-files.xcfilelist",
			);
			name = "[CP] Embed Pods Frameworks";
			outputFileListPaths = (
				"${PODS_ROOT}/Target Support Files/Pods-MovieApp/Pods-MovieApp-frameworks-${CONFIGURATION}-output-files.xcfilelist",
			);
			runOnlyForDeploymentPostprocessing = 0;
			shellPath = /bin/sh;
			shellScript = "\"${PODS_ROOT}/Target Support Files/Pods-MovieApp/Pods-MovieApp-frameworks.sh\"\n";
			showEnvVarsInLog = 0;
		};
/* End PBXShellScriptBuildPhase section */

/* Begin PBXSourcesBuildPhase section */
		E4380B3229104CF000F63C03 /* Sources */ = {
			isa = PBXSourcesBuildPhase;
			buildActionMask = 2147483647;
			files = (
				E4C31A292917F9FC00DB0A46 /* Movie.swift in Sources */,
				E4C31A3129181ADB00DB0A46 /* MovieCell.swift in Sources */,
				E4C31A36291824E200DB0A46 /* MovieDetailsViewController.swift in Sources */,
				E4380B3E29104CF000F63C03 /* SplashViewController.swift in Sources */,
				E4C31A2B2918084F00DB0A46 /* SharedExtensions.swift in Sources */,
				E4380B3A29104CF000F63C03 /* AppDelegate.swift in Sources */,
				E4434DB42916D25A006C1638 /* CRNotificationView.swift in Sources */,
				E4C31A192916EBCB00DB0A46 /* MoviePresenter.swift in Sources */,
				E4C31A1F2916F27600DB0A46 /* MovieManager.swift in Sources */,
				E4C31A1D2916F25600DB0A46 /* NetworkingConstants.swift in Sources */,
				E4434DAE2916C6E3006C1638 /* Connectivity.swift in Sources */,
				E4434DB62916D296006C1638 /* UIColor.swift in Sources */,
				E4434DB12916D1D7006C1638 /* BannerExtensions.swift in Sources */,
				E4C31A2D291816AA00DB0A46 /* ScreenNavigator.swift in Sources */,
				E406513D2914DEA2003B1B74 /* RCManager.swift in Sources */,
				E4380B3C29104CF000F63C03 /* SceneDelegate.swift in Sources */,
				E4C31A232917EE7800DB0A46 /* MovieUIModel.swift in Sources */,
				E4434DAC2916C2C9006C1638 /* MovieViewController.swift in Sources */,
			);
			runOnlyForDeploymentPostprocessing = 0;
		};
/* End PBXSourcesBuildPhase section */

/* Begin PBXVariantGroup section */
		E4380B3F29104CF000F63C03 /* Main.storyboard */ = {
			isa = PBXVariantGroup;
			children = (
				E4380B4029104CF000F63C03 /* Base */,
			);
			name = Main.storyboard;
			sourceTree = "<group>";
		};
		E4380B4429104CF000F63C03 /* LaunchScreen.storyboard */ = {
			isa = PBXVariantGroup;
			children = (
				E4380B4529104CF000F63C03 /* Base */,
			);
			name = LaunchScreen.storyboard;
			sourceTree = "<group>";
		};
/* End PBXVariantGroup section */

/* Begin XCBuildConfiguration section */
		E4380B4829104CF000F63C03 /* Debug */ = {
			isa = XCBuildConfiguration;
			buildSettings = {
				ALWAYS_SEARCH_USER_PATHS = NO;
				CLANG_ANALYZER_NONNULL = YES;
				CLANG_ANALYZER_NUMBER_OBJECT_CONVERSION = YES_AGGRESSIVE;
				CLANG_CXX_LANGUAGE_STANDARD = "gnu++20";
				CLANG_ENABLE_MODULES = YES;
				CLANG_ENABLE_OBJC_ARC = YES;
				CLANG_ENABLE_OBJC_WEAK = YES;
				CLANG_WARN_BLOCK_CAPTURE_AUTORELEASING = YES;
				CLANG_WARN_BOOL_CONVERSION = YES;
				CLANG_WARN_COMMA = YES;
				CLANG_WARN_CONSTANT_CONVERSION = YES;
				CLANG_WARN_DEPRECATED_OBJC_IMPLEMENTATIONS = YES;
				CLANG_WARN_DIRECT_OBJC_ISA_USAGE = YES_ERROR;
				CLANG_WARN_DOCUMENTATION_COMMENTS = YES;
				CLANG_WARN_EMPTY_BODY = YES;
				CLANG_WARN_ENUM_CONVERSION = YES;
				CLANG_WARN_INFINITE_RECURSION = YES;
				CLANG_WARN_INT_CONVERSION = YES;
				CLANG_WARN_NON_LITERAL_NULL_CONVERSION = YES;
				CLANG_WARN_OBJC_IMPLICIT_RETAIN_SELF = YES;
				CLANG_WARN_OBJC_LITERAL_CONVERSION = YES;
				CLANG_WARN_OBJC_ROOT_CLASS = YES_ERROR;
				CLANG_WARN_QUOTED_INCLUDE_IN_FRAMEWORK_HEADER = YES;
				CLANG_WARN_RANGE_LOOP_ANALYSIS = YES;
				CLANG_WARN_STRICT_PROTOTYPES = YES;
				CLANG_WARN_SUSPICIOUS_MOVE = YES;
				CLANG_WARN_UNGUARDED_AVAILABILITY = YES_AGGRESSIVE;
				CLANG_WARN_UNREACHABLE_CODE = YES;
				CLANG_WARN__DUPLICATE_METHOD_MATCH = YES;
				COPY_PHASE_STRIP = NO;
				DEBUG_INFORMATION_FORMAT = dwarf;
				ENABLE_STRICT_OBJC_MSGSEND = YES;
				ENABLE_TESTABILITY = YES;
				GCC_C_LANGUAGE_STANDARD = gnu11;
				GCC_DYNAMIC_NO_PIC = NO;
				GCC_NO_COMMON_BLOCKS = YES;
				GCC_OPTIMIZATION_LEVEL = 0;
				GCC_PREPROCESSOR_DEFINITIONS = (
					"DEBUG=1",
					"$(inherited)",
				);
				GCC_WARN_64_TO_32_BIT_CONVERSION = YES;
				GCC_WARN_ABOUT_RETURN_TYPE = YES_ERROR;
				GCC_WARN_UNDECLARED_SELECTOR = YES;
				GCC_WARN_UNINITIALIZED_AUTOS = YES_AGGRESSIVE;
				GCC_WARN_UNUSED_FUNCTION = YES;
				GCC_WARN_UNUSED_VARIABLE = YES;
				IPHONEOS_DEPLOYMENT_TARGET = 16.0;
				MTL_ENABLE_DEBUG_INFO = INCLUDE_SOURCE;
				MTL_FAST_MATH = YES;
				ONLY_ACTIVE_ARCH = YES;
				SDKROOT = iphoneos;
				SWIFT_ACTIVE_COMPILATION_CONDITIONS = DEBUG;
				SWIFT_OPTIMIZATION_LEVEL = "-Onone";
			};
			name = Debug;
		};
		E4380B4929104CF000F63C03 /* Release */ = {
			isa = XCBuildConfiguration;
			buildSettings = {
				ALWAYS_SEARCH_USER_PATHS = NO;
				CLANG_ANALYZER_NONNULL = YES;
				CLANG_ANALYZER_NUMBER_OBJECT_CONVERSION = YES_AGGRESSIVE;
				CLANG_CXX_LANGUAGE_STANDARD = "gnu++20";
				CLANG_ENABLE_MODULES = YES;
				CLANG_ENABLE_OBJC_ARC = YES;
				CLANG_ENABLE_OBJC_WEAK = YES;
				CLANG_WARN_BLOCK_CAPTURE_AUTORELEASING = YES;
				CLANG_WARN_BOOL_CONVERSION = YES;
				CLANG_WARN_COMMA = YES;
				CLANG_WARN_CONSTANT_CONVERSION = YES;
				CLANG_WARN_DEPRECATED_OBJC_IMPLEMENTATIONS = YES;
				CLANG_WARN_DIRECT_OBJC_ISA_USAGE = YES_ERROR;
				CLANG_WARN_DOCUMENTATION_COMMENTS = YES;
				CLANG_WARN_EMPTY_BODY = YES;
				CLANG_WARN_ENUM_CONVERSION = YES;
				CLANG_WARN_INFINITE_RECURSION = YES;
				CLANG_WARN_INT_CONVERSION = YES;
				CLANG_WARN_NON_LITERAL_NULL_CONVERSION = YES;
				CLANG_WARN_OBJC_IMPLICIT_RETAIN_SELF = YES;
				CLANG_WARN_OBJC_LITERAL_CONVERSION = YES;
				CLANG_WARN_OBJC_ROOT_CLASS = YES_ERROR;
				CLANG_WARN_QUOTED_INCLUDE_IN_FRAMEWORK_HEADER = YES;
				CLANG_WARN_RANGE_LOOP_ANALYSIS = YES;
				CLANG_WARN_STRICT_PROTOTYPES = YES;
				CLANG_WARN_SUSPICIOUS_MOVE = YES;
				CLANG_WARN_UNGUARDED_AVAILABILITY = YES_AGGRESSIVE;
				CLANG_WARN_UNREACHABLE_CODE = YES;
				CLANG_WARN__DUPLICATE_METHOD_MATCH = YES;
				COPY_PHASE_STRIP = NO;
				DEBUG_INFORMATION_FORMAT = "dwarf-with-dsym";
				ENABLE_NS_ASSERTIONS = NO;
				ENABLE_STRICT_OBJC_MSGSEND = YES;
				GCC_C_LANGUAGE_STANDARD = gnu11;
				GCC_NO_COMMON_BLOCKS = YES;
				GCC_WARN_64_TO_32_BIT_CONVERSION = YES;
				GCC_WARN_ABOUT_RETURN_TYPE = YES_ERROR;
				GCC_WARN_UNDECLARED_SELECTOR = YES;
				GCC_WARN_UNINITIALIZED_AUTOS = YES_AGGRESSIVE;
				GCC_WARN_UNUSED_FUNCTION = YES;
				GCC_WARN_UNUSED_VARIABLE = YES;
				IPHONEOS_DEPLOYMENT_TARGET = 16.0;
				MTL_ENABLE_DEBUG_INFO = NO;
				MTL_FAST_MATH = YES;
				SDKROOT = iphoneos;
				SWIFT_COMPILATION_MODE = wholemodule;
				SWIFT_OPTIMIZATION_LEVEL = "-O";
				VALIDATE_PRODUCT = YES;
			};
			name = Release;
		};
		E4380B4B29104CF000F63C03 /* Debug */ = {
			isa = XCBuildConfiguration;
			baseConfigurationReference = C0C7E6DCAE3A7C18A9B1AE72 /* Pods-MovieApp.debug.xcconfig */;
			buildSettings = {
				ASSETCATALOG_COMPILER_APPICON_NAME = AppIcon;
				ASSETCATALOG_COMPILER_GLOBAL_ACCENT_COLOR_NAME = AccentColor;
				CODE_SIGN_STYLE = Automatic;
				CURRENT_PROJECT_VERSION = 1;
				DEVELOPMENT_TEAM = 678R2482N2;
				GENERATE_INFOPLIST_FILE = YES;
				INFOPLIST_FILE = MovieApp/Utilities/Info.plist;
				INFOPLIST_KEY_UIApplicationSupportsIndirectInputEvents = YES;
				INFOPLIST_KEY_UILaunchStoryboardName = LaunchScreen;
				INFOPLIST_KEY_UIMainStoryboardFile = Main;
				INFOPLIST_KEY_UISupportedInterfaceOrientations_iPad = "UIInterfaceOrientationPortrait UIInterfaceOrientationPortraitUpsideDown UIInterfaceOrientationLandscapeLeft UIInterfaceOrientationLandscapeRight";
				INFOPLIST_KEY_UISupportedInterfaceOrientations_iPhone = "UIInterfaceOrientationPortrait UIInterfaceOrientationLandscapeLeft UIInterfaceOrientationLandscapeRight";
				LD_RUNPATH_SEARCH_PATHS = (
					"$(inherited)",
					"@executable_path/Frameworks",
				);
				MARKETING_VERSION = 1.0;
				PRODUCT_BUNDLE_IDENTIFIER = com.bariscanakkaya.MovieApp;
				PRODUCT_NAME = "$(TARGET_NAME)";
				SWIFT_EMIT_LOC_STRINGS = YES;
				SWIFT_VERSION = 5.0;
				TARGETED_DEVICE_FAMILY = "1,2";
			};
			name = Debug;
		};
		E4380B4C29104CF000F63C03 /* Release */ = {
			isa = XCBuildConfiguration;
			baseConfigurationReference = 49F97E650576A7D79BAF9522 /* Pods-MovieApp.release.xcconfig */;
			buildSettings = {
				ASSETCATALOG_COMPILER_APPICON_NAME = AppIcon;
				ASSETCATALOG_COMPILER_GLOBAL_ACCENT_COLOR_NAME = AccentColor;
				CODE_SIGN_STYLE = Automatic;
				CURRENT_PROJECT_VERSION = 1;
				DEVELOPMENT_TEAM = 678R2482N2;
				GENERATE_INFOPLIST_FILE = YES;
				INFOPLIST_FILE = MovieApp/Utilities/Info.plist;
				INFOPLIST_KEY_UIApplicationSupportsIndirectInputEvents = YES;
				INFOPLIST_KEY_UILaunchStoryboardName = LaunchScreen;
				INFOPLIST_KEY_UIMainStoryboardFile = Main;
				INFOPLIST_KEY_UISupportedInterfaceOrientations_iPad = "UIInterfaceOrientationPortrait UIInterfaceOrientationPortraitUpsideDown UIInterfaceOrientationLandscapeLeft UIInterfaceOrientationLandscapeRight";
				INFOPLIST_KEY_UISupportedInterfaceOrientations_iPhone = "UIInterfaceOrientationPortrait UIInterfaceOrientationLandscapeLeft UIInterfaceOrientationLandscapeRight";
				LD_RUNPATH_SEARCH_PATHS = (
					"$(inherited)",
					"@executable_path/Frameworks",
				);
				MARKETING_VERSION = 1.0;
				PRODUCT_BUNDLE_IDENTIFIER = com.bariscanakkaya.MovieApp;
				PRODUCT_NAME = "$(TARGET_NAME)";
				SWIFT_EMIT_LOC_STRINGS = YES;
				SWIFT_VERSION = 5.0;
				TARGETED_DEVICE_FAMILY = "1,2";
			};
			name = Release;
		};
/* End XCBuildConfiguration section */

/* Begin XCConfigurationList section */
		E4380B3129104CEF00F63C03 /* Build configuration list for PBXProject "MovieApp" */ = {
			isa = XCConfigurationList;
			buildConfigurations = (
				E4380B4829104CF000F63C03 /* Debug */,
				E4380B4929104CF000F63C03 /* Release */,
			);
			defaultConfigurationIsVisible = 0;
			defaultConfigurationName = Release;
		};
		E4380B4A29104CF000F63C03 /* Build configuration list for PBXNativeTarget "MovieApp" */ = {
			isa = XCConfigurationList;
			buildConfigurations = (
				E4380B4B29104CF000F63C03 /* Debug */,
				E4380B4C29104CF000F63C03 /* Release */,
			);
			defaultConfigurationIsVisible = 0;
			defaultConfigurationName = Release;
		};
/* End XCConfigurationList section */
	};
	rootObject = E4380B2E29104CEF00F63C03 /* Project object */;
}
